// !$*UTF8*$!
{
	archiveVersion = 1;
	classes = {
	};
	objectVersion = 50;
	objects = {

/* Begin PBXBuildFile section */
		2933577E27A664E000CFCE57 /* AppDelegate.swift in Sources */ = {isa = PBXBuildFile; fileRef = 2933577D27A664E000CFCE57 /* AppDelegate.swift */; };
		2933578027A664E000CFCE57 /* SceneDelegate.swift in Sources */ = {isa = PBXBuildFile; fileRef = 2933577F27A664E000CFCE57 /* SceneDelegate.swift */; };
		2933578227A664E000CFCE57 /* ViewController.swift in Sources */ = {isa = PBXBuildFile; fileRef = 2933578127A664E000CFCE57 /* ViewController.swift */; };
		2933578527A664E000CFCE57 /* Main.storyboard in Resources */ = {isa = PBXBuildFile; fileRef = 2933578327A664E000CFCE57 /* Main.storyboard */; };
		2933578727A664E300CFCE57 /* Assets.xcassets in Resources */ = {isa = PBXBuildFile; fileRef = 2933578627A664E300CFCE57 /* Assets.xcassets */; };
		2933578A27A664E300CFCE57 /* LaunchScreen.storyboard in Resources */ = {isa = PBXBuildFile; fileRef = 2933578827A664E300CFCE57 /* LaunchScreen.storyboard */; };
		29D84A4027A7AE49003BC322 /* NetworkLayer.swift in Sources */ = {isa = PBXBuildFile; fileRef = 29D84A3F27A7AE49003BC322 /* NetworkLayer.swift */; };
		29D84A4427A7B07A003BC322 /* ContactListModelAPI.swift in Sources */ = {isa = PBXBuildFile; fileRef = 29D84A4327A7B07A003BC322 /* ContactListModelAPI.swift */; };
		29D84A4727A7B118003BC322 /* ContactListViewModel.swift in Sources */ = {isa = PBXBuildFile; fileRef = 29D84A4627A7B118003BC322 /* ContactListViewModel.swift */; };
		29D84A4A27A7BA29003BC322 /* UI+IBDesignables.swift in Sources */ = {isa = PBXBuildFile; fileRef = 29D84A4927A7BA29003BC322 /* UI+IBDesignables.swift */; };
/* End PBXBuildFile section */

/* Begin PBXFileReference section */
		2933577A27A664E000CFCE57 /* ContactList.app */ = {isa = PBXFileReference; explicitFileType = wrapper.application; includeInIndex = 0; path = ContactList.app; sourceTree = BUILT_PRODUCTS_DIR; };
		2933577D27A664E000CFCE57 /* AppDelegate.swift */ = {isa = PBXFileReference; lastKnownFileType = sourcecode.swift; path = AppDelegate.swift; sourceTree = "<group>"; };
		2933577F27A664E000CFCE57 /* SceneDelegate.swift */ = {isa = PBXFileReference; lastKnownFileType = sourcecode.swift; path = SceneDelegate.swift; sourceTree = "<group>"; };
		2933578127A664E000CFCE57 /* ViewController.swift */ = {isa = PBXFileReference; lastKnownFileType = sourcecode.swift; path = ViewController.swift; sourceTree = "<group>"; };
		2933578427A664E000CFCE57 /* Base */ = {isa = PBXFileReference; lastKnownFileType = file.storyboard; name = Base; path = Base.lproj/Main.storyboard; sourceTree = "<group>"; };
		2933578627A664E300CFCE57 /* Assets.xcassets */ = {isa = PBXFileReference; lastKnownFileType = folder.assetcatalog; path = Assets.xcassets; sourceTree = "<group>"; };
		2933578927A664E300CFCE57 /* Base */ = {isa = PBXFileReference; lastKnownFileType = file.storyboard; name = Base; path = Base.lproj/LaunchScreen.storyboard; sourceTree = "<group>"; };
		2933578B27A664E300CFCE57 /* Info.plist */ = {isa = PBXFileReference; lastKnownFileType = text.plist.xml; path = Info.plist; sourceTree = "<group>"; };
		29D84A3F27A7AE49003BC322 /* NetworkLayer.swift */ = {isa = PBXFileReference; lastKnownFileType = sourcecode.swift; path = NetworkLayer.swift; sourceTree = "<group>"; };
		29D84A4327A7B07A003BC322 /* ContactListModelAPI.swift */ = {isa = PBXFileReference; lastKnownFileType = sourcecode.swift; path = ContactListModelAPI.swift; sourceTree = "<group>"; };
		29D84A4627A7B118003BC322 /* ContactListViewModel.swift */ = {isa = PBXFileReference; lastKnownFileType = sourcecode.swift; path = ContactListViewModel.swift; sourceTree = "<group>"; };
		29D84A4927A7BA29003BC322 /* UI+IBDesignables.swift */ = {isa = PBXFileReference; lastKnownFileType = sourcecode.swift; path = "UI+IBDesignables.swift"; sourceTree = "<group>"; };
/* End PBXFileReference section */

/* Begin PBXFrameworksBuildPhase section */
		2933577727A664E000CFCE57 /* Frameworks */ = {
			isa = PBXFrameworksBuildPhase;
			buildActionMask = 2147483647;
			files = (
			);
			runOnlyForDeploymentPostprocessing = 0;
		};
/* End PBXFrameworksBuildPhase section */

/* Begin PBXGroup section */
		2933577127A664E000CFCE57 = {
			isa = PBXGroup;
			children = (
				2933577C27A664E000CFCE57 /* ContactList */,
				2933577B27A664E000CFCE57 /* Products */,
			);
			sourceTree = "<group>";
		};
		2933577B27A664E000CFCE57 /* Products */ = {
			isa = PBXGroup;
			children = (
				2933577A27A664E000CFCE57 /* ContactList.app */,
			);
			name = Products;
			sourceTree = "<group>";
		};
		2933577C27A664E000CFCE57 /* ContactList */ = {
			isa = PBXGroup;
			children = (
				29D84A4827A7BA12003BC322 /* Common */,
				29D84A4127A7AFEF003BC322 /* MVVM */,
				29D84A3E27A7AE33003BC322 /* Network */,
				2933577D27A664E000CFCE57 /* AppDelegate.swift */,
				2933577F27A664E000CFCE57 /* SceneDelegate.swift */,
				2933578127A664E000CFCE57 /* ViewController.swift */,
				2933578327A664E000CFCE57 /* Main.storyboard */,
				2933578627A664E300CFCE57 /* Assets.xcassets */,
				2933578827A664E300CFCE57 /* LaunchScreen.storyboard */,
				2933578B27A664E300CFCE57 /* Info.plist */,
			);
			path = ContactList;
			sourceTree = "<group>";
		};
		29D84A3E27A7AE33003BC322 /* Network */ = {
			isa = PBXGroup;
			children = (
				29D84A3F27A7AE49003BC322 /* NetworkLayer.swift */,
			);
			path = Network;
			sourceTree = "<group>";
		};
		29D84A4127A7AFEF003BC322 /* MVVM */ = {
			isa = PBXGroup;
			children = (
				29D84A4527A7B0FF003BC322 /* ViewModel */,
				29D84A4227A7AFF7003BC322 /* Model */,
			);
			path = MVVM;
			sourceTree = "<group>";
		};
		29D84A4227A7AFF7003BC322 /* Model */ = {
			isa = PBXGroup;
			children = (
				29D84A4327A7B07A003BC322 /* ContactListModelAPI.swift */,
			);
			path = Model;
			sourceTree = "<group>";
		};
		29D84A4527A7B0FF003BC322 /* ViewModel */ = {
			isa = PBXGroup;
			children = (
				29D84A4627A7B118003BC322 /* ContactListViewModel.swift */,
			);
			path = ViewModel;
			sourceTree = "<group>";
		};
		29D84A4827A7BA12003BC322 /* Common */ = {
			isa = PBXGroup;
			children = (
				29D84A4927A7BA29003BC322 /* UI+IBDesignables.swift */,
			);
			path = Common;
			sourceTree = "<group>";
		};
/* End PBXGroup section */

/* Begin PBXNativeTarget section */
		2933577927A664E000CFCE57 /* ContactList */ = {
			isa = PBXNativeTarget;
			buildConfigurationList = 2933578E27A664E300CFCE57 /* Build configuration list for PBXNativeTarget "ContactList" */;
			buildPhases = (
				2933577627A664E000CFCE57 /* Sources */,
				2933577727A664E000CFCE57 /* Frameworks */,
				2933577827A664E000CFCE57 /* Resources */,
			);
			buildRules = (
			);
			dependencies = (
			);
			name = ContactList;
			productName = ContactList;
			productReference = 2933577A27A664E000CFCE57 /* ContactList.app */;
			productType = "com.apple.product-type.application";
		};
/* End PBXNativeTarget section */

/* Begin PBXProject section */
		2933577227A664E000CFCE57 /* Project object */ = {
			isa = PBXProject;
			attributes = {
				LastSwiftUpdateCheck = 1250;
				LastUpgradeCheck = 1250;
				TargetAttributes = {
					2933577927A664E000CFCE57 = {
						CreatedOnToolsVersion = 12.5.1;
					};
				};
			};
			buildConfigurationList = 2933577527A664E000CFCE57 /* Build configuration list for PBXProject "ContactList" */;
			compatibilityVersion = "Xcode 9.3";
			developmentRegion = en;
			hasScannedForEncodings = 0;
			knownRegions = (
				en,
				Base,
			);
			mainGroup = 2933577127A664E000CFCE57;
			productRefGroup = 2933577B27A664E000CFCE57 /* Products */;
			projectDirPath = "";
			projectRoot = "";
			targets = (
				2933577927A664E000CFCE57 /* ContactList */,
			);
		};
/* End PBXProject section */

/* Begin PBXResourcesBuildPhase section */
		2933577827A664E000CFCE57 /* Resources */ = {
			isa = PBXResourcesBuildPhase;
			buildActionMask = 2147483647;
			files = (
				2933578A27A664E300CFCE57 /* LaunchScreen.storyboard in Resources */,
				2933578727A664E300CFCE57 /* Assets.xcassets in Resources */,
				2933578527A664E000CFCE57 /* Main.storyboard in Resources */,
			);
			runOnlyForDeploymentPostprocessing = 0;
		};
/* End PBXResourcesBuildPhase section */

/* Begin PBXSourcesBuildPhase section */
		2933577627A664E000CFCE57 /* Sources */ = {
			isa = PBXSourcesBuildPhase;
			buildActionMask = 2147483647;
			files = (
				29D84A4027A7AE49003BC322 /* NetworkLayer.swift in Sources */,
				29D84A4A27A7BA29003BC322 /* UI+IBDesignables.swift in Sources */,
				2933578227A664E000CFCE57 /* ViewController.swift in Sources */,
				2933577E27A664E000CFCE57 /* AppDelegate.swift in Sources */,
				29D84A4727A7B118003BC322 /* ContactListViewModel.swift in Sources */,
				2933578027A664E000CFCE57 /* SceneDelegate.swift in Sources */,
				29D84A4427A7B07A003BC322 /* ContactListModelAPI.swift in Sources */,
			);
			runOnlyForDeploymentPostprocessing = 0;
		};
/* End PBXSourcesBuildPhase section */

/* Begin PBXVariantGroup section */
		2933578327A664E000CFCE57 /* Main.storyboard */ = {
			isa = PBXVariantGroup;
			children = (
				2933578427A664E000CFCE57 /* Base */,
			);
			name = Main.storyboard;
			sourceTree = "<group>";
		};
		2933578827A664E300CFCE57 /* LaunchScreen.storyboard */ = {
			isa = PBXVariantGroup;
			children = (
				2933578927A664E300CFCE57 /* Base */,
			);
			name = LaunchScreen.storyboard;
			sourceTree = "<group>";
		};
/* End PBXVariantGroup section */

/* Begin XCBuildConfiguration section */
		2933578C27A664E300CFCE57 /* Debug */ = {
			isa = XCBuildConfiguration;
			buildSettings = {
				ALWAYS_SEARCH_USER_PATHS = NO;
				CLANG_ANALYZER_NONNULL = YES;
				CLANG_ANALYZER_NUMBER_OBJECT_CONVERSION = YES_AGGRESSIVE;
				CLANG_CXX_LANGUAGE_STANDARD = "gnu++14";
				CLANG_CXX_LIBRARY = "libc++";
				CLANG_ENABLE_MODULES = YES;
				CLANG_ENABLE_OBJC_ARC = YES;
				CLANG_ENABLE_OBJC_WEAK = YES;
				CLANG_WARN_BLOCK_CAPTURE_AUTORELEASING = YES;
				CLANG_WARN_BOOL_CONVERSION = YES;
				CLANG_WARN_COMMA = YES;
				CLANG_WARN_CONSTANT_CONVERSION = YES;
				CLANG_WARN_DEPRECATED_OBJC_IMPLEMENTATIONS = YES;
				CLANG_WARN_DIRECT_OBJC_ISA_USAGE = YES_ERROR;
				CLANG_WARN_DOCUMENTATION_COMMENTS = YES;
				CLANG_WARN_EMPTY_BODY = YES;
				CLANG_WARN_ENUM_CONVERSION = YES;
				CLANG_WARN_INFINITE_RECURSION = YES;
				CLANG_WARN_INT_CONVERSION = YES;
				CLANG_WARN_NON_LITERAL_NULL_CONVERSION = YES;
				CLANG_WARN_OBJC_IMPLICIT_RETAIN_SELF = YES;
				CLANG_WARN_OBJC_LITERAL_CONVERSION = YES;
				CLANG_WARN_OBJC_ROOT_CLASS = YES_ERROR;
				CLANG_WARN_QUOTED_INCLUDE_IN_FRAMEWORK_HEADER = YES;
				CLANG_WARN_RANGE_LOOP_ANALYSIS = YES;
				CLANG_WARN_STRICT_PROTOTYPES = YES;
				CLANG_WARN_SUSPICIOUS_MOVE = YES;
				CLANG_WARN_UNGUARDED_AVAILABILITY = YES_AGGRESSIVE;
				CLANG_WARN_UNREACHABLE_CODE = YES;
				CLANG_WARN__DUPLICATE_METHOD_MATCH = YES;
				COPY_PHASE_STRIP = NO;
				DEBUG_INFORMATION_FORMAT = dwarf;
				ENABLE_STRICT_OBJC_MSGSEND = YES;
				ENABLE_TESTABILITY = YES;
				GCC_C_LANGUAGE_STANDARD = gnu11;
				GCC_DYNAMIC_NO_PIC = NO;
				GCC_NO_COMMON_BLOCKS = YES;
				GCC_OPTIMIZATION_LEVEL = 0;
				GCC_PREPROCESSOR_DEFINITIONS = (
					"DEBUG=1",
					"$(inherited)",
				);
				GCC_WARN_64_TO_32_BIT_CONVERSION = YES;
				GCC_WARN_ABOUT_RETURN_TYPE = YES_ERROR;
				GCC_WARN_UNDECLARED_SELECTOR = YES;
				GCC_WARN_UNINITIALIZED_AUTOS = YES_AGGRESSIVE;
				GCC_WARN_UNUSED_FUNCTION = YES;
				GCC_WARN_UNUSED_VARIABLE = YES;
				IPHONEOS_DEPLOYMENT_TARGET = 14.5;
				MTL_ENABLE_DEBUG_INFO = INCLUDE_SOURCE;
				MTL_FAST_MATH = YES;
				ONLY_ACTIVE_ARCH = YES;
				SDKROOT = iphoneos;
				SWIFT_ACTIVE_COMPILATION_CONDITIONS = DEBUG;
				SWIFT_OPTIMIZATION_LEVEL = "-Onone";
			};
			name = Debug;
		};
		2933578D27A664E300CFCE57 /* Release */ = {
			isa = XCBuildConfiguration;
			buildSettings = {
				ALWAYS_SEARCH_USER_PATHS = NO;
				CLANG_ANALYZER_NONNULL = YES;
				CLANG_ANALYZER_NUMBER_OBJECT_CONVERSION = YES_AGGRESSIVE;
				CLANG_CXX_LANGUAGE_STANDARD = "gnu++14";
				CLANG_CXX_LIBRARY = "libc++";
				CLANG_ENABLE_MODULES = YES;
				CLANG_ENABLE_OBJC_ARC = YES;
				CLANG_ENABLE_OBJC_WEAK = YES;
				CLANG_WARN_BLOCK_CAPTURE_AUTORELEASING = YES;
				CLANG_WARN_BOOL_CONVERSION = YES;
				CLANG_WARN_COMMA = YES;
				CLANG_WARN_CONSTANT_CONVERSION = YES;
				CLANG_WARN_DEPRECATED_OBJC_IMPLEMENTATIONS = YES;
				CLANG_WARN_DIRECT_OBJC_ISA_USAGE = YES_ERROR;
				CLANG_WARN_DOCUMENTATION_COMMENTS = YES;
				CLANG_WARN_EMPTY_BODY = YES;
				CLANG_WARN_ENUM_CONVERSION = YES;
				CLANG_WARN_INFINITE_RECURSION = YES;
				CLANG_WARN_INT_CONVERSION = YES;
				CLANG_WARN_NON_LITERAL_NULL_CONVERSION = YES;
				CLANG_WARN_OBJC_IMPLICIT_RETAIN_SELF = YES;
				CLANG_WARN_OBJC_LITERAL_CONVERSION = YES;
				CLANG_WARN_OBJC_ROOT_CLASS = YES_ERROR;
				CLANG_WARN_QUOTED_INCLUDE_IN_FRAMEWORK_HEADER = YES;
				CLANG_WARN_RANGE_LOOP_ANALYSIS = YES;
				CLANG_WARN_STRICT_PROTOTYPES = YES;
				CLANG_WARN_SUSPICIOUS_MOVE = YES;
				CLANG_WARN_UNGUARDED_AVAILABILITY = YES_AGGRESSIVE;
				CLANG_WARN_UNREACHABLE_CODE = YES;
				CLANG_WARN__DUPLICATE_METHOD_MATCH = YES;
				COPY_PHASE_STRIP = NO;
				DEBUG_INFORMATION_FORMAT = "dwarf-with-dsym";
				ENABLE_NS_ASSERTIONS = NO;
				ENABLE_STRICT_OBJC_MSGSEND = YES;
				GCC_C_LANGUAGE_STANDARD = gnu11;
				GCC_NO_COMMON_BLOCKS = YES;
				GCC_WARN_64_TO_32_BIT_CONVERSION = YES;
				GCC_WARN_ABOUT_RETURN_TYPE = YES_ERROR;
				GCC_WARN_UNDECLARED_SELECTOR = YES;
				GCC_WARN_UNINITIALIZED_AUTOS = YES_AGGRESSIVE;
				GCC_WARN_UNUSED_FUNCTION = YES;
				GCC_WARN_UNUSED_VARIABLE = YES;
				IPHONEOS_DEPLOYMENT_TARGET = 14.5;
				MTL_ENABLE_DEBUG_INFO = NO;
				MTL_FAST_MATH = YES;
				SDKROOT = iphoneos;
				SWIFT_COMPILATION_MODE = wholemodule;
				SWIFT_OPTIMIZATION_LEVEL = "-O";
				VALIDATE_PRODUCT = YES;
			};
			name = Release;
		};
		2933578F27A664E300CFCE57 /* Debug */ = {
			isa = XCBuildConfiguration;
			buildSettings = {
				ASSETCATALOG_COMPILER_APPICON_NAME = AppIcon;
				ASSETCATALOG_COMPILER_GLOBAL_ACCENT_COLOR_NAME = AccentColor;
				CODE_SIGN_STYLE = Automatic;
				INFOPLIST_FILE = ContactList/Info.plist;
				LD_RUNPATH_SEARCH_PATHS = (
					"$(inherited)",
					"@executable_path/Frameworks",
				);
				PRODUCT_BUNDLE_IDENTIFIER = v.apple.app.ContactList;
				PRODUCT_NAME = "$(TARGET_NAME)";
				SWIFT_VERSION = 5.0;
				TARGETED_DEVICE_FAMILY = "1,2";
			};
			name = Debug;
		};
		2933579027A664E300CFCE57 /* Release */ = {
			isa = XCBuildConfiguration;
			buildSettings = {
				ASSETCATALOG_COMPILER_APPICON_NAME = AppIcon;
				ASSETCATALOG_COMPILER_GLOBAL_ACCENT_COLOR_NAME = AccentColor;
				CODE_SIGN_STYLE = Automatic;
				INFOPLIST_FILE = ContactList/Info.plist;
				LD_RUNPATH_SEARCH_PATHS = (
					"$(inherited)",
					"@executable_path/Frameworks",
				);
				PRODUCT_BUNDLE_IDENTIFIER = v.apple.app.ContactList;
				PRODUCT_NAME = "$(TARGET_NAME)";
				SWIFT_VERSION = 5.0;
				TARGETED_DEVICE_FAMILY = "1,2";
			};
			name = Release;
		};
/* End XCBuildConfiguration section */

/* Begin XCConfigurationList section */
		2933577527A664E000CFCE57 /* Build configuration list for PBXProject "ContactList" */ = {
			isa = XCConfigurationList;
			buildConfigurations = (
				2933578C27A664E300CFCE57 /* Debug */,
				2933578D27A664E300CFCE57 /* Release */,
			);
			defaultConfigurationIsVisible = 0;
			defaultConfigurationName = Release;
		};
		2933578E27A664E300CFCE57 /* Build configuration list for PBXNativeTarget "ContactList" */ = {
			isa = XCConfigurationList;
			buildConfigurations = (
				2933578F27A664E300CFCE57 /* Debug */,
				2933579027A664E300CFCE57 /* Release */,
			);
			defaultConfigurationIsVisible = 0;
			defaultConfigurationName = Release;
		};
/* End XCConfigurationList section */
	};
	rootObject = 2933577227A664E000CFCE57 /* Project object */;
}
